{
  "name": "@umbra-engine/umbra-web",
  "version": "0.0.5",
  "lockfileVersion": 2,
  "requires": true,
  "packages": {
    "": {
      "name": "@umbra-engine/umbra-web",
      "version": "0.0.5",
      "license": "MIT",
      "dependencies": {
        "@umbra-engine/uternion": "^2.0.4"
      }
    },
    "node_modules/@umbra-engine/ugl": {
      "version": "3.2.8",
      "resolved": "https://registry.npmjs.org/@umbra-engine/ugl/-/ugl-3.2.8.tgz",
      "integrity": "sha512-S7rIogcp8xZ7cvKG4A+2la+GOOf3hUQofLnY0QACynv/Lcvq4OnSyI6PCfIFQZZZBXJkMZtjBWFWacnrL2uS8g=="
    },
    "node_modules/@umbra-engine/ulin": {
      "version": "2.0.4",
      "resolved": "https://registry.npmjs.org/@umbra-engine/ulin/-/ulin-2.0.4.tgz",
      "integrity": "sha512-xF6PHa6Hw+oMD8MvhwKvZfPhuouqn04io7I5ifbWonKXjR4O1NnAd9Tzqc2nnZozHAjkvNe0sif+EuGD1pyydw=="
    },
    "node_modules/@umbra-engine/uternion": {
      "version": "2.0.4",
      "resolved": "https://registry.npmjs.org/@umbra-engine/uternion/-/uternion-2.0.4.tgz",
      "integrity": "sha512-Kbfz+e90xWoZDAzXt6jpoe0D8Fo3Y/ZZMdGii1WrcnJBkhNjtTH6Ns6k54AfSPIxRgwjLqVwoTjXkdOGvQry0Q==",
      "dependencies": {
        "@umbra-engine/ugl": "^3.2.8",
        "@umbra-engine/ulin": "^2.0.4"
      }
    }
  },
  "dependencies": {
    "@umbra-engine/ugl": {
      "version": "3.2.8",
      "resolved": "https://registry.npmjs.org/@umbra-engine/ugl/-/ugl-3.2.8.tgz",
      "integrity": "sha512-S7rIogcp8xZ7cvKG4A+2la+GOOf3hUQofLnY0QACynv/Lcvq4OnSyI6PCfIFQZZZBXJkMZtjBWFWacnrL2uS8g=="
    },
    "@umbra-engine/ulin": {
      "version": "2.0.4",
      "resolved": "https://registry.npmjs.org/@umbra-engine/ulin/-/ulin-2.0.4.tgz",
      "integrity": "sha512-xF6PHa6Hw+oMD8MvhwKvZfPhuouqn04io7I5ifbWonKXjR4O1NnAd9Tzqc2nnZozHAjkvNe0sif+EuGD1pyydw=="
    },
    "@umbra-engine/uternion": {
      "version": "2.0.4",
      "resolved": "https://registry.npmjs.org/@umbra-engine/uternion/-/uternion-2.0.4.tgz",
      "integrity": "sha512-Kbfz+e90xWoZDAzXt6jpoe0D8Fo3Y/ZZMdGii1WrcnJBkhNjtTH6Ns6k54AfSPIxRgwjLqVwoTjXkdOGvQry0Q==",
      "requires": {
        "@umbra-engine/ugl": "^3.2.8",
        "@umbra-engine/ulin": "^2.0.4"
      }
    }
  }
}
