{
  "name": "umbra",
  "version": "0.0.1",
  "lockfileVersion": 2,
  "requires": true,
  "packages": {
    "": {
      "name": "umbra",
      "version": "0.0.1",
      "license": "MIT",
      "dependencies": {
        "uternion": "^0.0.1"
      }
    },
    "node_modules/ugl": {
      "version": "1.0.0",
      "resolved": "https://registry.npmjs.org/ugl/-/ugl-1.0.0.tgz",
      "integrity": "sha512-DbdLZloslFmz4j10i+7cQoncpHBMzeDa6sRJ9VUQM0AETG8KTlcRCcoPDihPwdDr7bmYG2WZc7olMmrUJjgzHg=="
    },
    "node_modules/ulin": {
      "version": "1.0.0",
      "resolved": "https://registry.npmjs.org/ulin/-/ulin-1.0.0.tgz",
      "integrity": "sha512-T6tMnNoNA2N3JvISJKJHoWdzyMMTzYWZFXRSzalXKv9s67I9mlG+QFgV4jTWW/2uSKRhuQbQ8ZjQLVM9dil92g=="
    },
    "node_modules/uternion": {
      "version": "0.0.1",
      "resolved": "https://registry.npmjs.org/uternion/-/uternion-0.0.1.tgz",
      "integrity": "sha512-vR+9vgrxONxilDTya5+oYyDA9w9/o+EYscSew9pVnia85XE2/pp0v7tfA8gRoVHd0M0lD5z/mlw3zxlBl8bjXg==",
      "dependencies": {
        "ugl": "^1.0.0",
        "ulin": "^1.0.0"
      }
    }
  },
  "dependencies": {
    "ugl": {
      "version": "1.0.0",
      "resolved": "https://registry.npmjs.org/ugl/-/ugl-1.0.0.tgz",
      "integrity": "sha512-DbdLZloslFmz4j10i+7cQoncpHBMzeDa6sRJ9VUQM0AETG8KTlcRCcoPDihPwdDr7bmYG2WZc7olMmrUJjgzHg=="
    },
    "ulin": {
      "version": "1.0.0",
      "resolved": "https://registry.npmjs.org/ulin/-/ulin-1.0.0.tgz",
      "integrity": "sha512-T6tMnNoNA2N3JvISJKJHoWdzyMMTzYWZFXRSzalXKv9s67I9mlG+QFgV4jTWW/2uSKRhuQbQ8ZjQLVM9dil92g=="
    },
    "uternion": {
      "version": "0.0.1",
      "resolved": "https://registry.npmjs.org/uternion/-/uternion-0.0.1.tgz",
      "integrity": "sha512-vR+9vgrxONxilDTya5+oYyDA9w9/o+EYscSew9pVnia85XE2/pp0v7tfA8gRoVHd0M0lD5z/mlw3zxlBl8bjXg==",
      "requires": {
        "ugl": "^1.0.0",
        "ulin": "^1.0.0"
      }
    }
  }
}
