{
  "name": "umbra-web",
  "version": "0.0.2",
  "lockfileVersion": 2,
  "requires": true,
  "packages": {
    "": {
      "name": "umbra-web",
      "version": "0.0.2",
      "license": "MIT",
      "dependencies": {
        "uternion": "^0.0.2"
      }
    },
    "node_modules/ugl": {
      "version": "1.1.2",
      "resolved": "https://registry.npmjs.org/ugl/-/ugl-1.1.2.tgz",
      "integrity": "sha512-Wb1+7o3skVIYsyBCkC5kZ5UWzj1Au5M0N89eV0GP9U+Cx/D2nFq4e/zHBdTZivflbfw47RSemNG+X9tj5qdifQ=="
    },
    "node_modules/ulin": {
      "version": "1.1.2",
      "resolved": "https://registry.npmjs.org/ulin/-/ulin-1.1.2.tgz",
      "integrity": "sha512-rt5b2k1+Xipye1RGTxwPKSS5A1oFN0Q0VJ5Gbj1yLImFAv8p737cjIZCkvJ5IWkoljhWnJ0tBISSCEGVR/zuiA=="
    },
    "node_modules/uternion": {
      "version": "0.0.2",
      "resolved": "https://registry.npmjs.org/uternion/-/uternion-0.0.2.tgz",
      "integrity": "sha512-1BqrGrSUIO+5dGlTmWsO7c8sdRFAuXwOM+mk4g3VyIsgVHlHQNAGbatmU8j/LvZdHv5i8klDZhISREkuAd+O6w==",
      "dependencies": {
        "ugl": "^1.1.2",
        "ulin": "^1.1.2"
      }
    }
  },
  "dependencies": {
    "ugl": {
      "version": "1.1.2",
      "resolved": "https://registry.npmjs.org/ugl/-/ugl-1.1.2.tgz",
      "integrity": "sha512-Wb1+7o3skVIYsyBCkC5kZ5UWzj1Au5M0N89eV0GP9U+Cx/D2nFq4e/zHBdTZivflbfw47RSemNG+X9tj5qdifQ=="
    },
    "ulin": {
      "version": "1.1.2",
      "resolved": "https://registry.npmjs.org/ulin/-/ulin-1.1.2.tgz",
      "integrity": "sha512-rt5b2k1+Xipye1RGTxwPKSS5A1oFN0Q0VJ5Gbj1yLImFAv8p737cjIZCkvJ5IWkoljhWnJ0tBISSCEGVR/zuiA=="
    },
    "uternion": {
      "version": "0.0.2",
      "resolved": "https://registry.npmjs.org/uternion/-/uternion-0.0.2.tgz",
      "integrity": "sha512-1BqrGrSUIO+5dGlTmWsO7c8sdRFAuXwOM+mk4g3VyIsgVHlHQNAGbatmU8j/LvZdHv5i8klDZhISREkuAd+O6w==",
      "requires": {
        "ugl": "^1.1.2",
        "ulin": "^1.1.2"
      }
    }
  }
}
